// !$*UTF8*$!
{
	archiveVersion = 1;
	classes = {
	};
	objectVersion = 55;
	objects = {

/* Begin PBXBuildFile section */
		E047B8DA27FB325F007A61F8 /* AppDelegate.swift in Sources */ = {isa = PBXBuildFile; fileRef = E047B8D927FB325F007A61F8 /* AppDelegate.swift */; };
		E047B8DC27FB325F007A61F8 /* SceneDelegate.swift in Sources */ = {isa = PBXBuildFile; fileRef = E047B8DB27FB325F007A61F8 /* SceneDelegate.swift */; };
		E047B8DE27FB325F007A61F8 /* ViewController.swift in Sources */ = {isa = PBXBuildFile; fileRef = E047B8DD27FB325F007A61F8 /* ViewController.swift */; };
		E047B8E127FB325F007A61F8 /* Main.storyboard in Resources */ = {isa = PBXBuildFile; fileRef = E047B8DF27FB325F007A61F8 /* Main.storyboard */; };
		E047B8E327FB3260007A61F8 /* Assets.xcassets in Resources */ = {isa = PBXBuildFile; fileRef = E047B8E227FB3260007A61F8 /* Assets.xcassets */; };
		E047B8E627FB3260007A61F8 /* LaunchScreen.storyboard in Resources */ = {isa = PBXBuildFile; fileRef = E047B8E427FB3260007A61F8 /* LaunchScreen.storyboard */; };
		E047B8F127FB3260007A61F8 /* UserListTests.swift in Sources */ = {isa = PBXBuildFile; fileRef = E047B8F027FB3260007A61F8 /* UserListTests.swift */; };
		E047B8FB27FB3260007A61F8 /* UserListUITests.swift in Sources */ = {isa = PBXBuildFile; fileRef = E047B8FA27FB3260007A61F8 /* UserListUITests.swift */; };
		E047B8FD27FB3260007A61F8 /* UserListUITestsLaunchTests.swift in Sources */ = {isa = PBXBuildFile; fileRef = E047B8FC27FB3260007A61F8 /* UserListUITestsLaunchTests.swift */; };
/* End PBXBuildFile section */

/* Begin PBXContainerItemProxy section */
		E047B8ED27FB3260007A61F8 /* PBXContainerItemProxy */ = {
			isa = PBXContainerItemProxy;
			containerPortal = E047B8CE27FB325F007A61F8 /* Project object */;
			proxyType = 1;
			remoteGlobalIDString = E047B8D527FB325F007A61F8;
			remoteInfo = UserList;
		};
		E047B8F727FB3260007A61F8 /* PBXContainerItemProxy */ = {
			isa = PBXContainerItemProxy;
			containerPortal = E047B8CE27FB325F007A61F8 /* Project object */;
			proxyType = 1;
			remoteGlobalIDString = E047B8D527FB325F007A61F8;
			remoteInfo = UserList;
		};
/* End PBXContainerItemProxy section */

/* Begin PBXFileReference section */
		E047B8D627FB325F007A61F8 /* UserList.app */ = {isa = PBXFileReference; explicitFileType = wrapper.application; includeInIndex = 0; path = UserList.app; sourceTree = BUILT_PRODUCTS_DIR; };
		E047B8D927FB325F007A61F8 /* AppDelegate.swift */ = {isa = PBXFileReference; lastKnownFileType = sourcecode.swift; path = AppDelegate.swift; sourceTree = "<group>"; };
		E047B8DB27FB325F007A61F8 /* SceneDelegate.swift */ = {isa = PBXFileReference; lastKnownFileType = sourcecode.swift; path = SceneDelegate.swift; sourceTree = "<group>"; };
		E047B8DD27FB325F007A61F8 /* ViewController.swift */ = {isa = PBXFileReference; lastKnownFileType = sourcecode.swift; path = ViewController.swift; sourceTree = "<group>"; };
		E047B8E027FB325F007A61F8 /* Base */ = {isa = PBXFileReference; lastKnownFileType = file.storyboard; name = Base; path = Base.lproj/Main.storyboard; sourceTree = "<group>"; };
		E047B8E227FB3260007A61F8 /* Assets.xcassets */ = {isa = PBXFileReference; lastKnownFileType = folder.assetcatalog; path = Assets.xcassets; sourceTree = "<group>"; };
		E047B8E527FB3260007A61F8 /* Base */ = {isa = PBXFileReference; lastKnownFileType = file.storyboard; name = Base; path = Base.lproj/LaunchScreen.storyboard; sourceTree = "<group>"; };
		E047B8E727FB3260007A61F8 /* Info.plist */ = {isa = PBXFileReference; lastKnownFileType = text.plist.xml; path = Info.plist; sourceTree = "<group>"; };
		E047B8EC27FB3260007A61F8 /* UserListTests.xctest */ = {isa = PBXFileReference; explicitFileType = wrapper.cfbundle; includeInIndex = 0; path = UserListTests.xctest; sourceTree = BUILT_PRODUCTS_DIR; };
		E047B8F027FB3260007A61F8 /* UserListTests.swift */ = {isa = PBXFileReference; lastKnownFileType = sourcecode.swift; path = UserListTests.swift; sourceTree = "<group>"; };
		E047B8F627FB3260007A61F8 /* UserListUITests.xctest */ = {isa = PBXFileReference; explicitFileType = wrapper.cfbundle; includeInIndex = 0; path = UserListUITests.xctest; sourceTree = BUILT_PRODUCTS_DIR; };
		E047B8FA27FB3260007A61F8 /* UserListUITests.swift */ = {isa = PBXFileReference; lastKnownFileType = sourcecode.swift; path = UserListUITests.swift; sourceTree = "<group>"; };
		E047B8FC27FB3260007A61F8 /* UserListUITestsLaunchTests.swift */ = {isa = PBXFileReference; lastKnownFileType = sourcecode.swift; path = UserListUITestsLaunchTests.swift; sourceTree = "<group>"; };
/* End PBXFileReference section */

/* Begin PBXFrameworksBuildPhase section */
		E047B8D327FB325F007A61F8 /* Frameworks */ = {
			isa = PBXFrameworksBuildPhase;
			buildActionMask = 2147483647;
			files = (
			);
			runOnlyForDeploymentPostprocessing = 0;
		};
		E047B8E927FB3260007A61F8 /* Frameworks */ = {
			isa = PBXFrameworksBuildPhase;
			buildActionMask = 2147483647;
			files = (
			);
			runOnlyForDeploymentPostprocessing = 0;
		};
		E047B8F327FB3260007A61F8 /* Frameworks */ = {
			isa = PBXFrameworksBuildPhase;
			buildActionMask = 2147483647;
			files = (
			);
			runOnlyForDeploymentPostprocessing = 0;
		};
/* End PBXFrameworksBuildPhase section */

/* Begin PBXGroup section */
		E047B8CD27FB325F007A61F8 = {
			isa = PBXGroup;
			children = (
				E047B8D827FB325F007A61F8 /* UserList */,
				E047B8EF27FB3260007A61F8 /* UserListTests */,
				E047B8F927FB3260007A61F8 /* UserListUITests */,
				E047B8D727FB325F007A61F8 /* Products */,
			);
			sourceTree = "<group>";
		};
		E047B8D727FB325F007A61F8 /* Products */ = {
			isa = PBXGroup;
			children = (
				E047B8D627FB325F007A61F8 /* UserList.app */,
				E047B8EC27FB3260007A61F8 /* UserListTests.xctest */,
				E047B8F627FB3260007A61F8 /* UserListUITests.xctest */,
			);
			name = Products;
			sourceTree = "<group>";
		};
		E047B8D827FB325F007A61F8 /* UserList */ = {
			isa = PBXGroup;
			children = (
				E047B8D927FB325F007A61F8 /* AppDelegate.swift */,
				E047B8DB27FB325F007A61F8 /* SceneDelegate.swift */,
				E047B8DD27FB325F007A61F8 /* ViewController.swift */,
				E047B8DF27FB325F007A61F8 /* Main.storyboard */,
				E047B8E227FB3260007A61F8 /* Assets.xcassets */,
				E047B8E427FB3260007A61F8 /* LaunchScreen.storyboard */,
				E047B8E727FB3260007A61F8 /* Info.plist */,
			);
			path = UserList;
			sourceTree = "<group>";
		};
		E047B8EF27FB3260007A61F8 /* UserListTests */ = {
			isa = PBXGroup;
			children = (
				E047B8F027FB3260007A61F8 /* UserListTests.swift */,
			);
			path = UserListTests;
			sourceTree = "<group>";
		};
		E047B8F927FB3260007A61F8 /* UserListUITests */ = {
			isa = PBXGroup;
			children = (
				E047B8FA27FB3260007A61F8 /* UserListUITests.swift */,
				E047B8FC27FB3260007A61F8 /* UserListUITestsLaunchTests.swift */,
			);
			path = UserListUITests;
			sourceTree = "<group>";
		};
/* End PBXGroup section */

/* Begin PBXNativeTarget section */
		E047B8D527FB325F007A61F8 /* UserList */ = {
			isa = PBXNativeTarget;
			buildConfigurationList = E047B90027FB3260007A61F8 /* Build configuration list for PBXNativeTarget "UserList" */;
			buildPhases = (
				E047B8D227FB325F007A61F8 /* Sources */,
				E047B8D327FB325F007A61F8 /* Frameworks */,
				E047B8D427FB325F007A61F8 /* Resources */,
			);
			buildRules = (
			);
			dependencies = (
			);
			name = UserList;
			productName = UserList;
			productReference = E047B8D627FB325F007A61F8 /* UserList.app */;
			productType = "com.apple.product-type.application";
		};
		E047B8EB27FB3260007A61F8 /* UserListTests */ = {
			isa = PBXNativeTarget;
			buildConfigurationList = E047B90327FB3260007A61F8 /* Build configuration list for PBXNativeTarget "UserListTests" */;
			buildPhases = (
				E047B8E827FB3260007A61F8 /* Sources */,
				E047B8E927FB3260007A61F8 /* Frameworks */,
				E047B8EA27FB3260007A61F8 /* Resources */,
			);
			buildRules = (
			);
			dependencies = (
				E047B8EE27FB3260007A61F8 /* PBXTargetDependency */,
			);
			name = UserListTests;
			productName = UserListTests;
			productReference = E047B8EC27FB3260007A61F8 /* UserListTests.xctest */;
			productType = "com.apple.product-type.bundle.unit-test";
		};
		E047B8F527FB3260007A61F8 /* UserListUITests */ = {
			isa = PBXNativeTarget;
			buildConfigurationList = E047B90627FB3260007A61F8 /* Build configuration list for PBXNativeTarget "UserListUITests" */;
			buildPhases = (
				E047B8F227FB3260007A61F8 /* Sources */,
				E047B8F327FB3260007A61F8 /* Frameworks */,
				E047B8F427FB3260007A61F8 /* Resources */,
			);
			buildRules = (
			);
			dependencies = (
				E047B8F827FB3260007A61F8 /* PBXTargetDependency */,
			);
			name = UserListUITests;
			productName = UserListUITests;
			productReference = E047B8F627FB3260007A61F8 /* UserListUITests.xctest */;
			productType = "com.apple.product-type.bundle.ui-testing";
		};
/* End PBXNativeTarget section */

/* Begin PBXProject section */
		E047B8CE27FB325F007A61F8 /* Project object */ = {
			isa = PBXProject;
			attributes = {
				BuildIndependentTargetsInParallel = 1;
				LastSwiftUpdateCheck = 1330;
				LastUpgradeCheck = 1330;
				TargetAttributes = {
					E047B8D527FB325F007A61F8 = {
						CreatedOnToolsVersion = 13.3;
					};
					E047B8EB27FB3260007A61F8 = {
						CreatedOnToolsVersion = 13.3;
						TestTargetID = E047B8D527FB325F007A61F8;
					};
					E047B8F527FB3260007A61F8 = {
						CreatedOnToolsVersion = 13.3;
						TestTargetID = E047B8D527FB325F007A61F8;
					};
				};
			};
			buildConfigurationList = E047B8D127FB325F007A61F8 /* Build configuration list for PBXProject "UserList" */;
			compatibilityVersion = "Xcode 13.0";
			developmentRegion = en;
			hasScannedForEncodings = 0;
			knownRegions = (
				en,
				Base,
			);
			mainGroup = E047B8CD27FB325F007A61F8;
			productRefGroup = E047B8D727FB325F007A61F8 /* Products */;
			projectDirPath = "";
			projectRoot = "";
			targets = (
				E047B8D527FB325F007A61F8 /* UserList */,
				E047B8EB27FB3260007A61F8 /* UserListTests */,
				E047B8F527FB3260007A61F8 /* UserListUITests */,
			);
		};
/* End PBXProject section */

/* Begin PBXResourcesBuildPhase section */
		E047B8D427FB325F007A61F8 /* Resources */ = {
			isa = PBXResourcesBuildPhase;
			buildActionMask = 2147483647;
			files = (
				E047B8E627FB3260007A61F8 /* LaunchScreen.storyboard in Resources */,
				E047B8E327FB3260007A61F8 /* Assets.xcassets in Resources */,
				E047B8E127FB325F007A61F8 /* Main.storyboard in Resources */,
			);
			runOnlyForDeploymentPostprocessing = 0;
		};
		E047B8EA27FB3260007A61F8 /* Resources */ = {
			isa = PBXResourcesBuildPhase;
			buildActionMask = 2147483647;
			files = (
			);
			runOnlyForDeploymentPostprocessing = 0;
		};
		E047B8F427FB3260007A61F8 /* Resources */ = {
			isa = PBXResourcesBuildPhase;
			buildActionMask = 2147483647;
			files = (
			);
			runOnlyForDeploymentPostprocessing = 0;
		};
/* End PBXResourcesBuildPhase section */

/* Begin PBXSourcesBuildPhase section */
		E047B8D227FB325F007A61F8 /* Sources */ = {
			isa = PBXSourcesBuildPhase;
			buildActionMask = 2147483647;
			files = (
				E047B8DE27FB325F007A61F8 /* ViewController.swift in Sources */,
				E047B8DA27FB325F007A61F8 /* AppDelegate.swift in Sources */,
				E047B8DC27FB325F007A61F8 /* SceneDelegate.swift in Sources */,
			);
			runOnlyForDeploymentPostprocessing = 0;
		};
		E047B8E827FB3260007A61F8 /* Sources */ = {
			isa = PBXSourcesBuildPhase;
			buildActionMask = 2147483647;
			files = (
				E047B8F127FB3260007A61F8 /* UserListTests.swift in Sources */,
			);
			runOnlyForDeploymentPostprocessing = 0;
		};
		E047B8F227FB3260007A61F8 /* Sources */ = {
			isa = PBXSourcesBuildPhase;
			buildActionMask = 2147483647;
			files = (
				E047B8FD27FB3260007A61F8 /* UserListUITestsLaunchTests.swift in Sources */,
				E047B8FB27FB3260007A61F8 /* UserListUITests.swift in Sources */,
			);
			runOnlyForDeploymentPostprocessing = 0;
		};
/* End PBXSourcesBuildPhase section */

/* Begin PBXTargetDependency section */
		E047B8EE27FB3260007A61F8 /* PBXTargetDependency */ = {
			isa = PBXTargetDependency;
			target = E047B8D527FB325F007A61F8 /* UserList */;
			targetProxy = E047B8ED27FB3260007A61F8 /* PBXContainerItemProxy */;
		};
		E047B8F827FB3260007A61F8 /* PBXTargetDependency */ = {
			isa = PBXTargetDependency;
			target = E047B8D527FB325F007A61F8 /* UserList */;
			targetProxy = E047B8F727FB3260007A61F8 /* PBXContainerItemProxy */;
		};
/* End PBXTargetDependency section */

/* Begin PBXVariantGroup section */
		E047B8DF27FB325F007A61F8 /* Main.storyboard */ = {
			isa = PBXVariantGroup;
			children = (
				E047B8E027FB325F007A61F8 /* Base */,
			);
			name = Main.storyboard;
			sourceTree = "<group>";
		};
		E047B8E427FB3260007A61F8 /* LaunchScreen.storyboard */ = {
			isa = PBXVariantGroup;
			children = (
				E047B8E527FB3260007A61F8 /* Base */,
			);
			name = LaunchScreen.storyboard;
			sourceTree = "<group>";
		};
/* End PBXVariantGroup section */

/* Begin XCBuildConfiguration section */
		E047B8FE27FB3260007A61F8 /* Debug */ = {
			isa = XCBuildConfiguration;
			buildSettings = {
				ALWAYS_SEARCH_USER_PATHS = NO;
				CLANG_ANALYZER_NONNULL = YES;
				CLANG_ANALYZER_NUMBER_OBJECT_CONVERSION = YES_AGGRESSIVE;
				CLANG_CXX_LANGUAGE_STANDARD = "gnu++17";
				CLANG_ENABLE_MODULES = YES;
				CLANG_ENABLE_OBJC_ARC = YES;
				CLANG_ENABLE_OBJC_WEAK = YES;
				CLANG_WARN_BLOCK_CAPTURE_AUTORELEASING = YES;
				CLANG_WARN_BOOL_CONVERSION = YES;
				CLANG_WARN_COMMA = YES;
				CLANG_WARN_CONSTANT_CONVERSION = YES;
				CLANG_WARN_DEPRECATED_OBJC_IMPLEMENTATIONS = YES;
				CLANG_WARN_DIRECT_OBJC_ISA_USAGE = YES_ERROR;
				CLANG_WARN_DOCUMENTATION_COMMENTS = YES;
				CLANG_WARN_EMPTY_BODY = YES;
				CLANG_WARN_ENUM_CONVERSION = YES;
				CLANG_WARN_INFINITE_RECURSION = YES;
				CLANG_WARN_INT_CONVERSION = YES;
				CLANG_WARN_NON_LITERAL_NULL_CONVERSION = YES;
				CLANG_WARN_OBJC_IMPLICIT_RETAIN_SELF = YES;
				CLANG_WARN_OBJC_LITERAL_CONVERSION = YES;
				CLANG_WARN_OBJC_ROOT_CLASS = YES_ERROR;
				CLANG_WARN_QUOTED_INCLUDE_IN_FRAMEWORK_HEADER = YES;
				CLANG_WARN_RANGE_LOOP_ANALYSIS = YES;
				CLANG_WARN_STRICT_PROTOTYPES = YES;
				CLANG_WARN_SUSPICIOUS_MOVE = YES;
				CLANG_WARN_UNGUARDED_AVAILABILITY = YES_AGGRESSIVE;
				CLANG_WARN_UNREACHABLE_CODE = YES;
				CLANG_WARN__DUPLICATE_METHOD_MATCH = YES;
				COPY_PHASE_STRIP = NO;
				DEBUG_INFORMATION_FORMAT = dwarf;
				ENABLE_STRICT_OBJC_MSGSEND = YES;
				ENABLE_TESTABILITY = YES;
				GCC_C_LANGUAGE_STANDARD = gnu11;
				GCC_DYNAMIC_NO_PIC = NO;
				GCC_NO_COMMON_BLOCKS = YES;
				GCC_OPTIMIZATION_LEVEL = 0;
				GCC_PREPROCESSOR_DEFINITIONS = (
					"DEBUG=1",
					"$(inherited)",
				);
				GCC_WARN_64_TO_32_BIT_CONVERSION = YES;
				GCC_WARN_ABOUT_RETURN_TYPE = YES_ERROR;
				GCC_WARN_UNDECLARED_SELECTOR = YES;
				GCC_WARN_UNINITIALIZED_AUTOS = YES_AGGRESSIVE;
				GCC_WARN_UNUSED_FUNCTION = YES;
				GCC_WARN_UNUSED_VARIABLE = YES;
				IPHONEOS_DEPLOYMENT_TARGET = 15.4;
				MTL_ENABLE_DEBUG_INFO = INCLUDE_SOURCE;
				MTL_FAST_MATH = YES;
				ONLY_ACTIVE_ARCH = YES;
				SDKROOT = iphoneos;
				SWIFT_ACTIVE_COMPILATION_CONDITIONS = DEBUG;
				SWIFT_OPTIMIZATION_LEVEL = "-Onone";
			};
			name = Debug;
		};
		E047B8FF27FB3260007A61F8 /* Release */ = {
			isa = XCBuildConfiguration;
			buildSettings = {
				ALWAYS_SEARCH_USER_PATHS = NO;
				CLANG_ANALYZER_NONNULL = YES;
				CLANG_ANALYZER_NUMBER_OBJECT_CONVERSION = YES_AGGRESSIVE;
				CLANG_CXX_LANGUAGE_STANDARD = "gnu++17";
				CLANG_ENABLE_MODULES = YES;
				CLANG_ENABLE_OBJC_ARC = YES;
				CLANG_ENABLE_OBJC_WEAK = YES;
				CLANG_WARN_BLOCK_CAPTURE_AUTORELEASING = YES;
				CLANG_WARN_BOOL_CONVERSION = YES;
				CLANG_WARN_COMMA = YES;
				CLANG_WARN_CONSTANT_CONVERSION = YES;
				CLANG_WARN_DEPRECATED_OBJC_IMPLEMENTATIONS = YES;
				CLANG_WARN_DIRECT_OBJC_ISA_USAGE = YES_ERROR;
				CLANG_WARN_DOCUMENTATION_COMMENTS = YES;
				CLANG_WARN_EMPTY_BODY = YES;
				CLANG_WARN_ENUM_CONVERSION = YES;
				CLANG_WARN_INFINITE_RECURSION = YES;
				CLANG_WARN_INT_CONVERSION = YES;
				CLANG_WARN_NON_LITERAL_NULL_CONVERSION = YES;
				CLANG_WARN_OBJC_IMPLICIT_RETAIN_SELF = YES;
				CLANG_WARN_OBJC_LITERAL_CONVERSION = YES;
				CLANG_WARN_OBJC_ROOT_CLASS = YES_ERROR;
				CLANG_WARN_QUOTED_INCLUDE_IN_FRAMEWORK_HEADER = YES;
				CLANG_WARN_RANGE_LOOP_ANALYSIS = YES;
				CLANG_WARN_STRICT_PROTOTYPES = YES;
				CLANG_WARN_SUSPICIOUS_MOVE = YES;
				CLANG_WARN_UNGUARDED_AVAILABILITY = YES_AGGRESSIVE;
				CLANG_WARN_UNREACHABLE_CODE = YES;
				CLANG_WARN__DUPLICATE_METHOD_MATCH = YES;
				COPY_PHASE_STRIP = NO;
				DEBUG_INFORMATION_FORMAT = "dwarf-with-dsym";
				ENABLE_NS_ASSERTIONS = NO;
				ENABLE_STRICT_OBJC_MSGSEND = YES;
				GCC_C_LANGUAGE_STANDARD = gnu11;
				GCC_NO_COMMON_BLOCKS = YES;
				GCC_WARN_64_TO_32_BIT_CONVERSION = YES;
				GCC_WARN_ABOUT_RETURN_TYPE = YES_ERROR;
				GCC_WARN_UNDECLARED_SELECTOR = YES;
				GCC_WARN_UNINITIALIZED_AUTOS = YES_AGGRESSIVE;
				GCC_WARN_UNUSED_FUNCTION = YES;
				GCC_WARN_UNUSED_VARIABLE = YES;
				IPHONEOS_DEPLOYMENT_TARGET = 15.4;
				MTL_ENABLE_DEBUG_INFO = NO;
				MTL_FAST_MATH = YES;
				SDKROOT = iphoneos;
				SWIFT_COMPILATION_MODE = wholemodule;
				SWIFT_OPTIMIZATION_LEVEL = "-O";
				VALIDATE_PRODUCT = YES;
			};
			name = Release;
		};
		E047B90127FB3260007A61F8 /* Debug */ = {
			isa = XCBuildConfiguration;
			buildSettings = {
				ASSETCATALOG_COMPILER_APPICON_NAME = AppIcon;
				ASSETCATALOG_COMPILER_GLOBAL_ACCENT_COLOR_NAME = AccentColor;
				CODE_SIGN_STYLE = Automatic;
				CURRENT_PROJECT_VERSION = 1;
				GENERATE_INFOPLIST_FILE = YES;
				INFOPLIST_FILE = UserList/Info.plist;
				INFOPLIST_KEY_UIApplicationSupportsIndirectInputEvents = YES;
				INFOPLIST_KEY_UILaunchStoryboardName = LaunchScreen;
				INFOPLIST_KEY_UIMainStoryboardFile = Main;
				INFOPLIST_KEY_UISupportedInterfaceOrientations_iPad = "UIInterfaceOrientationPortrait UIInterfaceOrientationPortraitUpsideDown UIInterfaceOrientationLandscapeLeft UIInterfaceOrientationLandscapeRight";
				INFOPLIST_KEY_UISupportedInterfaceOrientations_iPhone = "UIInterfaceOrientationPortrait UIInterfaceOrientationLandscapeLeft UIInterfaceOrientationLandscapeRight";
				LD_RUNPATH_SEARCH_PATHS = (
					"$(inherited)",
					"@executable_path/Frameworks",
				);
				MARKETING_VERSION = 1.0;
				PRODUCT_BUNDLE_IDENTIFIER = com.atli.UserList;
				PRODUCT_NAME = "$(TARGET_NAME)";
				SWIFT_EMIT_LOC_STRINGS = YES;
				SWIFT_VERSION = 5.0;
				TARGETED_DEVICE_FAMILY = "1,2";
			};
			name = Debug;
		};
		E047B90227FB3260007A61F8 /* Release */ = {
			isa = XCBuildConfiguration;
			buildSettings = {
				ASSETCATALOG_COMPILER_APPICON_NAME = AppIcon;
				ASSETCATALOG_COMPILER_GLOBAL_ACCENT_COLOR_NAME = AccentColor;
				CODE_SIGN_STYLE = Automatic;
				CURRENT_PROJECT_VERSION = 1;
				GENERATE_INFOPLIST_FILE = YES;
				INFOPLIST_FILE = UserList/Info.plist;
				INFOPLIST_KEY_UIApplicationSupportsIndirectInputEvents = YES;
				INFOPLIST_KEY_UILaunchStoryboardName = LaunchScreen;
				INFOPLIST_KEY_UIMainStoryboardFile = Main;
				INFOPLIST_KEY_UISupportedInterfaceOrientations_iPad = "UIInterfaceOrientationPortrait UIInterfaceOrientationPortraitUpsideDown UIInterfaceOrientationLandscapeLeft UIInterfaceOrientationLandscapeRight";
				INFOPLIST_KEY_UISupportedInterfaceOrientations_iPhone = "UIInterfaceOrientationPortrait UIInterfaceOrientationLandscapeLeft UIInterfaceOrientationLandscapeRight";
				LD_RUNPATH_SEARCH_PATHS = (
					"$(inherited)",
					"@executable_path/Frameworks",
				);
				MARKETING_VERSION = 1.0;
				PRODUCT_BUNDLE_IDENTIFIER = com.atli.UserList;
				PRODUCT_NAME = "$(TARGET_NAME)";
				SWIFT_EMIT_LOC_STRINGS = YES;
				SWIFT_VERSION = 5.0;
				TARGETED_DEVICE_FAMILY = "1,2";
			};
			name = Release;
		};
		E047B90427FB3260007A61F8 /* Debug */ = {
			isa = XCBuildConfiguration;
			buildSettings = {
				ALWAYS_EMBED_SWIFT_STANDARD_LIBRARIES = YES;
				BUNDLE_LOADER = "$(TEST_HOST)";
				CODE_SIGN_STYLE = Automatic;
				CURRENT_PROJECT_VERSION = 1;
				GENERATE_INFOPLIST_FILE = YES;
				IPHONEOS_DEPLOYMENT_TARGET = 15.4;
				MARKETING_VERSION = 1.0;
				PRODUCT_BUNDLE_IDENTIFIER = com.atli.UserListTests;
				PRODUCT_NAME = "$(TARGET_NAME)";
				SWIFT_EMIT_LOC_STRINGS = NO;
				SWIFT_VERSION = 5.0;
				TARGETED_DEVICE_FAMILY = "1,2";
				TEST_HOST = "$(BUILT_PRODUCTS_DIR)/UserList.app/UserList";
			};
			name = Debug;
		};
		E047B90527FB3260007A61F8 /* Release */ = {
			isa = XCBuildConfiguration;
			buildSettings = {
				ALWAYS_EMBED_SWIFT_STANDARD_LIBRARIES = YES;
				BUNDLE_LOADER = "$(TEST_HOST)";
				CODE_SIGN_STYLE = Automatic;
				CURRENT_PROJECT_VERSION = 1;
				GENERATE_INFOPLIST_FILE = YES;
				IPHONEOS_DEPLOYMENT_TARGET = 15.4;
				MARKETING_VERSION = 1.0;
				PRODUCT_BUNDLE_IDENTIFIER = com.atli.UserListTests;
				PRODUCT_NAME = "$(TARGET_NAME)";
				SWIFT_EMIT_LOC_STRINGS = NO;
				SWIFT_VERSION = 5.0;
				TARGETED_DEVICE_FAMILY = "1,2";
				TEST_HOST = "$(BUILT_PRODUCTS_DIR)/UserList.app/UserList";
			};
			name = Release;
		};
		E047B90727FB3260007A61F8 /* Debug */ = {
			isa = XCBuildConfiguration;
			buildSettings = {
				ALWAYS_EMBED_SWIFT_STANDARD_LIBRARIES = YES;
				CODE_SIGN_STYLE = Automatic;
				CURRENT_PROJECT_VERSION = 1;
				GENERATE_INFOPLIST_FILE = YES;
				MARKETING_VERSION = 1.0;
				PRODUCT_BUNDLE_IDENTIFIER = com.atli.UserListUITests;
				PRODUCT_NAME = "$(TARGET_NAME)";
				SWIFT_EMIT_LOC_STRINGS = NO;
				SWIFT_VERSION = 5.0;
				TARGETED_DEVICE_FAMILY = "1,2";
				TEST_TARGET_NAME = UserList;
			};
			name = Debug;
		};
		E047B90827FB3260007A61F8 /* Release */ = {
			isa = XCBuildConfiguration;
			buildSettings = {
				ALWAYS_EMBED_SWIFT_STANDARD_LIBRARIES = YES;
				CODE_SIGN_STYLE = Automatic;
				CURRENT_PROJECT_VERSION = 1;
				GENERATE_INFOPLIST_FILE = YES;
				MARKETING_VERSION = 1.0;
				PRODUCT_BUNDLE_IDENTIFIER = com.atli.UserListUITests;
				PRODUCT_NAME = "$(TARGET_NAME)";
				SWIFT_EMIT_LOC_STRINGS = NO;
				SWIFT_VERSION = 5.0;
				TARGETED_DEVICE_FAMILY = "1,2";
				TEST_TARGET_NAME = UserList;
			};
			name = Release;
		};
/* End XCBuildConfiguration section */

/* Begin XCConfigurationList section */
		E047B8D127FB325F007A61F8 /* Build configuration list for PBXProject "UserList" */ = {
			isa = XCConfigurationList;
			buildConfigurations = (
				E047B8FE27FB3260007A61F8 /* Debug */,
				E047B8FF27FB3260007A61F8 /* Release */,
			);
			defaultConfigurationIsVisible = 0;
			defaultConfigurationName = Release;
		};
		E047B90027FB3260007A61F8 /* Build configuration list for PBXNativeTarget "UserList" */ = {
			isa = XCConfigurationList;
			buildConfigurations = (
				E047B90127FB3260007A61F8 /* Debug */,
				E047B90227FB3260007A61F8 /* Release */,
			);
			defaultConfigurationIsVisible = 0;
			defaultConfigurationName = Release;
		};
		E047B90327FB3260007A61F8 /* Build configuration list for PBXNativeTarget "UserListTests" */ = {
			isa = XCConfigurationList;
			buildConfigurations = (
				E047B90427FB3260007A61F8 /* Debug */,
				E047B90527FB3260007A61F8 /* Release */,
			);
			defaultConfigurationIsVisible = 0;
			defaultConfigurationName = Release;
		};
		E047B90627FB3260007A61F8 /* Build configuration list for PBXNativeTarget "UserListUITests" */ = {
			isa = XCConfigurationList;
			buildConfigurations = (
				E047B90727FB3260007A61F8 /* Debug */,
				E047B90827FB3260007A61F8 /* Release */,
			);
			defaultConfigurationIsVisible = 0;
			defaultConfigurationName = Release;
		};
/* End XCConfigurationList section */
	};
	rootObject = E047B8CE27FB325F007A61F8 /* Project object */;
}
